
Microsoft Visual Studio Solution File, Format Version 12.00
# Visual Studio 14
VisualStudioVersion = 14.0.25123.0
MinimumVisualStudioVersion = 10.0.40219.1
Project("{8BC9CEB8-8B4A-11D0-8D11-00A0C91BC942}") = "tetris", "tetris\tetris.vcxproj", "{BA257AF9-C3A6-4B3A-A62B-D8C128B15702}"
EndProject
Global
	GlobalSection(SolutionConfigurationPlatforms) = preSolution
		Debug|Win32 = Debug|Win32
		Release|Win32 = Release|Win32
	EndGlobalSection
	GlobalSection(ProjectConfigurationPlatforms) = postSolution
		{BA257AF9-C3A6-4B3A-A62B-D8C128B15702}.Debug|Win32.ActiveCfg = Debug|Win32
		{BA257AF9-C3A6-4B3A-A62B-D8C128B15702}.Debug|Win32.Build.0 = Debug|Win32
		{BA257AF9-C3A6-4B3A-A62B-D8C128B15702}.Release|Win32.ActiveCfg = Release|Win32
		{BA257AF9-C3A6-4B3A-A62B-D8C128B15702}.Release|Win32.Build.0 = Release|Win32
	EndGlobalSection
	GlobalSection(SolutionProperties) = preSolution
		HideSolutionNode = FALSE
	EndGlobalSection
EndGlobal
